
Microsoft Visual Studio Solution File, Format Version 12.00
# Visual Studio 14
VisualStudioVersion = 14.0.25420.1
MinimumVisualStudioVersion = 10.0.40219.1
Project("{F184B08F-C81C-45F6-A57F-5ABD9991F28F}") = "DataSourceCreatorVb", "DataSourceCreatorVb\DataSourceCreatorVb.vbproj", "{5119ED06-0EA0-4948-9C4F-86F78987FD11}"
EndProject
Project("{FAE04EC0-301F-11D3-BF4B-00C04F79EFBC}") = "DataSourceCreatorCs", "DataSourceCreatorCs\DataSourceCreatorCs.csproj", "{819BB88D-2F28-4A29-A4F9-0784F31F9521}"
EndProject
Global
	GlobalSection(SolutionConfigurationPlatforms) = preSolution
		Debug|Any CPU = Debug|Any CPU
		Release|Any CPU = Release|Any CPU
	EndGlobalSection
	GlobalSection(ProjectConfigurationPlatforms) = postSolution
		{5119ED06-0EA0-4948-9C4F-86F78987FD11}.Debug|Any CPU.ActiveCfg = Debug|Any CPU
		{5119ED06-0EA0-4948-9C4F-86F78987FD11}.Debug|Any CPU.Build.0 = Debug|Any CPU
		{5119ED06-0EA0-4948-9C4F-86F78987FD11}.Release|Any CPU.ActiveCfg = Release|Any CPU
		{5119ED06-0EA0-4948-9C4F-86F78987FD11}.Release|Any CPU.Build.0 = Release|Any CPU
		{819BB88D-2F28-4A29-A4F9-0784F31F9521}.Debug|Any CPU.ActiveCfg = Debug|Any CPU
		{819BB88D-2F28-4A29-A4F9-0784F31F9521}.Debug|Any CPU.Build.0 = Debug|Any CPU
		{819BB88D-2F28-4A29-A4F9-0784F31F9521}.Release|Any CPU.ActiveCfg = Release|Any CPU
		{819BB88D-2F28-4A29-A4F9-0784F31F9521}.Release|Any CPU.Build.0 = Release|Any CPU
	EndGlobalSection
	GlobalSection(SolutionProperties) = preSolution
		HideSolutionNode = FALSE
	EndGlobalSection
EndGlobal
